
Microsoft Visual Studio Solution File, Format Version 12.00
# Visual Studio Version 17
VisualStudioVersion = 17.7.34202.233
MinimumVisualStudioVersion = 10.0.40219.1
Project("{FAE04EC0-301F-11D3-BF4B-00C04F79EFBC}") = "zadanie 1", "zadanie 1\zadanie 1.csproj", "{B32D14BC-48AF-42B7-B82F-53AE7AC10314}"
EndProject
Global
	GlobalSection(SolutionConfigurationPlatforms) = preSolution
		Debug|Any CPU = Debug|Any CPU
		Release|Any CPU = Release|Any CPU
	EndGlobalSection
	GlobalSection(ProjectConfigurationPlatforms) = postSolution
		{B32D14BC-48AF-42B7-B82F-53AE7AC10314}.Debug|Any CPU.ActiveCfg = Debug|Any CPU
		{B32D14BC-48AF-42B7-B82F-53AE7AC10314}.Debug|Any CPU.Build.0 = Debug|Any CPU
		{B32D14BC-48AF-42B7-B82F-53AE7AC10314}.Release|Any CPU.ActiveCfg = Release|Any CPU
		{B32D14BC-48AF-42B7-B82F-53AE7AC10314}.Release|Any CPU.Build.0 = Release|Any CPU
	EndGlobalSection
	GlobalSection(SolutionProperties) = preSolution
		HideSolutionNode = FALSE
	EndGlobalSection
	GlobalSection(ExtensibilityGlobals) = postSolution
		SolutionGuid = {25C07898-1A79-4704-ADB3-6B8D766CAEA1}
	EndGlobalSection
EndGlobal
